
Microsoft Visual Studio Solution File, Format Version 12.00
# Visual Studio Version 17
VisualStudioVersion = 17.9.34714.143
MinimumVisualStudioVersion = 10.0.40219.1
Project("{9A19103F-16F7-4668-BE54-9A1E7A4F7556}") = "Posts.API", "Services\Posts\Posts.API\Posts.API.csproj", "{EB64EBE5-0CBC-43E9-9EFF-E28B4634B80A}"
EndProject
Project("{2150E333-8FDC-42A3-9474-1A3956D46DE8}") = "Posts", "Posts", "{869F040D-D1DD-4028-94DA-19F3C2039B69}"
EndProject
Project("{2150E333-8FDC-42A3-9474-1A3956D46DE8}") = "Services", "Services", "{2CC46D83-111C-48CE-BFA3-B7114DBDF56B}"
EndProject
Project("{E53339B2-1760-4266-BCC7-CA923CBCF16C}") = "docker-compose", "docker-compose.dcproj", "{4C8D09B2-8CAE-4671-A089-3BB8D622ED5C}"
EndProject
Project("{2150E333-8FDC-42A3-9474-1A3956D46DE8}") = "User", "User", "{27F477A0-267D-47EA-B3C8-B28B17B2CA20}"
EndProject
Project("{9A19103F-16F7-4668-BE54-9A1E7A4F7556}") = "User.API", "Services\User\User.API\User.API.csproj", "{23F05E81-645D-45F1-A951-F3C082670567}"
EndProject
Project("{2150E333-8FDC-42A3-9474-1A3956D46DE8}") = "Reward", "Reward", "{740F4F95-73DC-49A5-83BE-7425AD7EDF52}"
EndProject
Project("{9A19103F-16F7-4668-BE54-9A1E7A4F7556}") = "Reward.API", "Services\Reward\Reward.API\Reward.API.csproj", "{0A25EDB8-0750-49CA-81FD-D3C1043047CE}"
EndProject
Project("{9A19103F-16F7-4668-BE54-9A1E7A4F7556}") = "Posts.Domain", "Services\Posts\Posts.Domain\Posts.Domain.csproj", "{358A8614-01A5-4E9E-8E49-BB2DA42ADFC7}"
EndProject
Project("{9A19103F-16F7-4668-BE54-9A1E7A4F7556}") = "Posts.Application", "Services\Posts\Posts.Application\Posts.Application.csproj", "{8F1379B7-7E06-4A64-AF1F-3B874E0606E2}"
EndProject
Project("{9A19103F-16F7-4668-BE54-9A1E7A4F7556}") = "Basket.API", "Services\Basket\Basket.API\Basket.API.csproj", "{B9A72C38-B8E9-4E06-B46F-E329784BF9FF}"
EndProject
Project("{2150E333-8FDC-42A3-9474-1A3956D46DE8}") = "Basket", "Basket", "{31334ED8-06C3-4366-9DCF-78BCED63E46F}"
EndProject
Project("{9A19103F-16F7-4668-BE54-9A1E7A4F7556}") = "Posts.Infrastructure", "Services\Posts\Posts.Infrastructure\Posts.Infrastructure.csproj", "{AE6D741A-5146-4B11-8356-C04136A9155F}"
EndProject
Project("{2150E333-8FDC-42A3-9474-1A3956D46DE8}") = "Product", "Product", "{6AD2E952-A4A2-4CDE-B5E3-F955A0EDBB73}"
EndProject
Project("{FAE04EC0-301F-11D3-BF4B-00C04F79EFBC}") = "Products.API", "Services\Products\Products.API\Products.API.csproj", "{BC20BF9B-EBE8-4731-8D55-174D8C31FE2A}"
Project("{2150E333-8FDC-42A3-9474-1A3956D46DE8}") = "Common", "Common", "{CB950FE5-9DAE-498D-80F1-AB3F17916E58}"
EndProject
Project("{9A19103F-16F7-4668-BE54-9A1E7A4F7556}") = "EventBus.Messages", "Common\EventBus.Messages\EventBus.Messages.csproj", "{BC084A22-11ED-4485-B86C-E67DA9885449}"
EndProject
Project("{2150E333-8FDC-42A3-9474-1A3956D46DE8}") = "Ordering", "Ordering", "{07FFE725-F42C-4F6F-A4D7-799ACEA546D5}"
EndProject
Project("{FAE04EC0-301F-11D3-BF4B-00C04F79EFBC}") = "Ordering.Domain", "Services\Ordering\Ordering.Domain\Ordering.Domain.csproj", "{0D1A7156-6E9F-4876-9959-7C792BE30637}"
EndProject
Project("{FAE04EC0-301F-11D3-BF4B-00C04F79EFBC}") = "Ordering.Application", "Services\Ordering\Ordering.Application\Ordering.Application.csproj", "{8A86B5A8-7EE4-4FB5-87FE-3765590DD69F}"
EndProject
Global
	GlobalSection(SolutionConfigurationPlatforms) = preSolution
		Debug|Any CPU = Debug|Any CPU
		Release|Any CPU = Release|Any CPU
	EndGlobalSection
	GlobalSection(ProjectConfigurationPlatforms) = postSolution
		{EB64EBE5-0CBC-43E9-9EFF-E28B4634B80A}.Debug|Any CPU.ActiveCfg = Debug|Any CPU
		{EB64EBE5-0CBC-43E9-9EFF-E28B4634B80A}.Debug|Any CPU.Build.0 = Debug|Any CPU
		{EB64EBE5-0CBC-43E9-9EFF-E28B4634B80A}.Release|Any CPU.ActiveCfg = Release|Any CPU
		{EB64EBE5-0CBC-43E9-9EFF-E28B4634B80A}.Release|Any CPU.Build.0 = Release|Any CPU
		{4C8D09B2-8CAE-4671-A089-3BB8D622ED5C}.Debug|Any CPU.ActiveCfg = Debug|Any CPU
		{4C8D09B2-8CAE-4671-A089-3BB8D622ED5C}.Debug|Any CPU.Build.0 = Debug|Any CPU
		{4C8D09B2-8CAE-4671-A089-3BB8D622ED5C}.Release|Any CPU.ActiveCfg = Release|Any CPU
		{4C8D09B2-8CAE-4671-A089-3BB8D622ED5C}.Release|Any CPU.Build.0 = Release|Any CPU
		{23F05E81-645D-45F1-A951-F3C082670567}.Debug|Any CPU.ActiveCfg = Debug|Any CPU
		{23F05E81-645D-45F1-A951-F3C082670567}.Debug|Any CPU.Build.0 = Debug|Any CPU
		{23F05E81-645D-45F1-A951-F3C082670567}.Release|Any CPU.ActiveCfg = Release|Any CPU
		{23F05E81-645D-45F1-A951-F3C082670567}.Release|Any CPU.Build.0 = Release|Any CPU
		{0A25EDB8-0750-49CA-81FD-D3C1043047CE}.Debug|Any CPU.ActiveCfg = Debug|Any CPU
		{0A25EDB8-0750-49CA-81FD-D3C1043047CE}.Debug|Any CPU.Build.0 = Debug|Any CPU
		{0A25EDB8-0750-49CA-81FD-D3C1043047CE}.Release|Any CPU.ActiveCfg = Release|Any CPU
		{0A25EDB8-0750-49CA-81FD-D3C1043047CE}.Release|Any CPU.Build.0 = Release|Any CPU
		{358A8614-01A5-4E9E-8E49-BB2DA42ADFC7}.Debug|Any CPU.ActiveCfg = Debug|Any CPU
		{358A8614-01A5-4E9E-8E49-BB2DA42ADFC7}.Debug|Any CPU.Build.0 = Debug|Any CPU
		{358A8614-01A5-4E9E-8E49-BB2DA42ADFC7}.Release|Any CPU.ActiveCfg = Release|Any CPU
		{358A8614-01A5-4E9E-8E49-BB2DA42ADFC7}.Release|Any CPU.Build.0 = Release|Any CPU
		{8F1379B7-7E06-4A64-AF1F-3B874E0606E2}.Debug|Any CPU.ActiveCfg = Debug|Any CPU
		{8F1379B7-7E06-4A64-AF1F-3B874E0606E2}.Debug|Any CPU.Build.0 = Debug|Any CPU
		{8F1379B7-7E06-4A64-AF1F-3B874E0606E2}.Release|Any CPU.ActiveCfg = Release|Any CPU
		{8F1379B7-7E06-4A64-AF1F-3B874E0606E2}.Release|Any CPU.Build.0 = Release|Any CPU
		{B9A72C38-B8E9-4E06-B46F-E329784BF9FF}.Debug|Any CPU.ActiveCfg = Debug|Any CPU
		{B9A72C38-B8E9-4E06-B46F-E329784BF9FF}.Debug|Any CPU.Build.0 = Debug|Any CPU
		{B9A72C38-B8E9-4E06-B46F-E329784BF9FF}.Release|Any CPU.ActiveCfg = Release|Any CPU
		{B9A72C38-B8E9-4E06-B46F-E329784BF9FF}.Release|Any CPU.Build.0 = Release|Any CPU
		{AE6D741A-5146-4B11-8356-C04136A9155F}.Debug|Any CPU.ActiveCfg = Debug|Any CPU
		{AE6D741A-5146-4B11-8356-C04136A9155F}.Debug|Any CPU.Build.0 = Debug|Any CPU
		{AE6D741A-5146-4B11-8356-C04136A9155F}.Release|Any CPU.ActiveCfg = Release|Any CPU
		{AE6D741A-5146-4B11-8356-C04136A9155F}.Release|Any CPU.Build.0 = Release|Any CPU
		{BC20BF9B-EBE8-4731-8D55-174D8C31FE2A}.Debug|Any CPU.ActiveCfg = Debug|Any CPU
		{BC20BF9B-EBE8-4731-8D55-174D8C31FE2A}.Debug|Any CPU.Build.0 = Debug|Any CPU
		{BC20BF9B-EBE8-4731-8D55-174D8C31FE2A}.Release|Any CPU.ActiveCfg = Release|Any CPU
		{BC20BF9B-EBE8-4731-8D55-174D8C31FE2A}.Release|Any CPU.Build.0 = Release|Any CPU
		{BC084A22-11ED-4485-B86C-E67DA9885449}.Debug|Any CPU.ActiveCfg = Debug|Any CPU
		{BC084A22-11ED-4485-B86C-E67DA9885449}.Debug|Any CPU.Build.0 = Debug|Any CPU
		{BC084A22-11ED-4485-B86C-E67DA9885449}.Release|Any CPU.ActiveCfg = Release|Any CPU
		{BC084A22-11ED-4485-B86C-E67DA9885449}.Release|Any CPU.Build.0 = Release|Any CPU
		{0D1A7156-6E9F-4876-9959-7C792BE30637}.Debug|Any CPU.ActiveCfg = Debug|Any CPU
		{0D1A7156-6E9F-4876-9959-7C792BE30637}.Debug|Any CPU.Build.0 = Debug|Any CPU
		{0D1A7156-6E9F-4876-9959-7C792BE30637}.Release|Any CPU.ActiveCfg = Release|Any CPU
		{0D1A7156-6E9F-4876-9959-7C792BE30637}.Release|Any CPU.Build.0 = Release|Any CPU
		{8A86B5A8-7EE4-4FB5-87FE-3765590DD69F}.Debug|Any CPU.ActiveCfg = Debug|Any CPU
		{8A86B5A8-7EE4-4FB5-87FE-3765590DD69F}.Debug|Any CPU.Build.0 = Debug|Any CPU
		{8A86B5A8-7EE4-4FB5-87FE-3765590DD69F}.Release|Any CPU.ActiveCfg = Release|Any CPU
		{8A86B5A8-7EE4-4FB5-87FE-3765590DD69F}.Release|Any CPU.Build.0 = Release|Any CPU

	EndGlobalSection
	GlobalSection(SolutionProperties) = preSolution
		HideSolutionNode = FALSE
	EndGlobalSection
	GlobalSection(NestedProjects) = preSolution
		{EB64EBE5-0CBC-43E9-9EFF-E28B4634B80A} = {869F040D-D1DD-4028-94DA-19F3C2039B69}
		{869F040D-D1DD-4028-94DA-19F3C2039B69} = {2CC46D83-111C-48CE-BFA3-B7114DBDF56B}
		{27F477A0-267D-47EA-B3C8-B28B17B2CA20} = {2CC46D83-111C-48CE-BFA3-B7114DBDF56B}
		{23F05E81-645D-45F1-A951-F3C082670567} = {27F477A0-267D-47EA-B3C8-B28B17B2CA20}
		{740F4F95-73DC-49A5-83BE-7425AD7EDF52} = {2CC46D83-111C-48CE-BFA3-B7114DBDF56B}
		{0A25EDB8-0750-49CA-81FD-D3C1043047CE} = {740F4F95-73DC-49A5-83BE-7425AD7EDF52}
		{358A8614-01A5-4E9E-8E49-BB2DA42ADFC7} = {869F040D-D1DD-4028-94DA-19F3C2039B69}
		{8F1379B7-7E06-4A64-AF1F-3B874E0606E2} = {869F040D-D1DD-4028-94DA-19F3C2039B69}
		{B9A72C38-B8E9-4E06-B46F-E329784BF9FF} = {31334ED8-06C3-4366-9DCF-78BCED63E46F}
		{31334ED8-06C3-4366-9DCF-78BCED63E46F} = {2CC46D83-111C-48CE-BFA3-B7114DBDF56B}
		{AE6D741A-5146-4B11-8356-C04136A9155F} = {869F040D-D1DD-4028-94DA-19F3C2039B69}
		{6AD2E952-A4A2-4CDE-B5E3-F955A0EDBB73} = {2CC46D83-111C-48CE-BFA3-B7114DBDF56B}
		{BC20BF9B-EBE8-4731-8D55-174D8C31FE2A} = {6AD2E952-A4A2-4CDE-B5E3-F955A0EDBB73}
		{BC084A22-11ED-4485-B86C-E67DA9885449} = {CB950FE5-9DAE-498D-80F1-AB3F17916E58}
		{07FFE725-F42C-4F6F-A4D7-799ACEA546D5} = {2CC46D83-111C-48CE-BFA3-B7114DBDF56B}
		{0D1A7156-6E9F-4876-9959-7C792BE30637} = {07FFE725-F42C-4F6F-A4D7-799ACEA546D5}
		{8A86B5A8-7EE4-4FB5-87FE-3765590DD69F} = {07FFE725-F42C-4F6F-A4D7-799ACEA546D5}

	EndGlobalSection
	GlobalSection(ExtensibilityGlobals) = postSolution
		SolutionGuid = {D02BF026-8B65-49A2-87EE-30AD0180065F}
	EndGlobalSection
EndGlobal
