
Microsoft Visual Studio Solution File, Format Version 12.00
# Visual Studio Version 17
VisualStudioVersion = 17.9.34714.143
MinimumVisualStudioVersion = 10.0.40219.1
Project("{9A19103F-16F7-4668-BE54-9A1E7A4F7556}") = "Post.API", "Services\Post\Post.API\Post.API.csproj", "{EB64EBE5-0CBC-43E9-9EFF-E28B4634B80A}"
EndProject
Project("{2150E333-8FDC-42A3-9474-1A3956D46DE8}") = "Post", "Post", "{869F040D-D1DD-4028-94DA-19F3C2039B69}"
EndProject
Project("{2150E333-8FDC-42A3-9474-1A3956D46DE8}") = "Services", "Services", "{2CC46D83-111C-48CE-BFA3-B7114DBDF56B}"
EndProject
Project("{E53339B2-1760-4266-BCC7-CA923CBCF16C}") = "docker-compose", "docker-compose.dcproj", "{4C8D09B2-8CAE-4671-A089-3BB8D622ED5C}"
EndProject
Project("{2150E333-8FDC-42A3-9474-1A3956D46DE8}") = "User", "User", "{27F477A0-267D-47EA-B3C8-B28B17B2CA20}"
EndProject
Project("{9A19103F-16F7-4668-BE54-9A1E7A4F7556}") = "User.API", "Services\User\User.API\User.API.csproj", "{23F05E81-645D-45F1-A951-F3C082670567}"
EndProject
Project("{2150E333-8FDC-42A3-9474-1A3956D46DE8}") = "Reward", "Reward", "{740F4F95-73DC-49A5-83BE-7425AD7EDF52}"
EndProject
Project("{9A19103F-16F7-4668-BE54-9A1E7A4F7556}") = "Reward.API", "Services\Reward\Reward.API\Reward.API.csproj", "{0A25EDB8-0750-49CA-81FD-D3C1043047CE}"
EndProject
Project("{FAE04EC0-301F-11D3-BF4B-00C04F79EFBC}") = "Post.Domain", "Services\Post\Post.Domain\Post.Domain.csproj", "{358A8614-01A5-4E9E-8E49-BB2DA42ADFC7}"
EndProject
Project("{FAE04EC0-301F-11D3-BF4B-00C04F79EFBC}") = "Post.Application", "Services\Post\Post.Application\Post.Application.csproj", "{8F1379B7-7E06-4A64-AF1F-3B874E0606E2}"
Project("{FAE04EC0-301F-11D3-BF4B-00C04F79EFBC}") = "Basket.API", "Services\Basket\Basket.API\Basket.API.csproj", "{B9A72C38-B8E9-4E06-B46F-E329784BF9FF}"
EndProject
Project("{2150E333-8FDC-42A3-9474-1A3956D46DE8}") = "Basket", "Basket", "{31334ED8-06C3-4366-9DCF-78BCED63E46F}"
EndProject
Global
	GlobalSection(SolutionConfigurationPlatforms) = preSolution
		Debug|Any CPU = Debug|Any CPU
		Release|Any CPU = Release|Any CPU
	EndGlobalSection
	GlobalSection(ProjectConfigurationPlatforms) = postSolution
		{EB64EBE5-0CBC-43E9-9EFF-E28B4634B80A}.Debug|Any CPU.ActiveCfg = Debug|Any CPU
		{EB64EBE5-0CBC-43E9-9EFF-E28B4634B80A}.Debug|Any CPU.Build.0 = Debug|Any CPU
		{EB64EBE5-0CBC-43E9-9EFF-E28B4634B80A}.Release|Any CPU.ActiveCfg = Release|Any CPU
		{EB64EBE5-0CBC-43E9-9EFF-E28B4634B80A}.Release|Any CPU.Build.0 = Release|Any CPU
		{4C8D09B2-8CAE-4671-A089-3BB8D622ED5C}.Debug|Any CPU.ActiveCfg = Debug|Any CPU
		{4C8D09B2-8CAE-4671-A089-3BB8D622ED5C}.Debug|Any CPU.Build.0 = Debug|Any CPU
		{4C8D09B2-8CAE-4671-A089-3BB8D622ED5C}.Release|Any CPU.ActiveCfg = Release|Any CPU
		{4C8D09B2-8CAE-4671-A089-3BB8D622ED5C}.Release|Any CPU.Build.0 = Release|Any CPU
		{23F05E81-645D-45F1-A951-F3C082670567}.Debug|Any CPU.ActiveCfg = Debug|Any CPU
		{23F05E81-645D-45F1-A951-F3C082670567}.Debug|Any CPU.Build.0 = Debug|Any CPU
		{23F05E81-645D-45F1-A951-F3C082670567}.Release|Any CPU.ActiveCfg = Release|Any CPU
		{23F05E81-645D-45F1-A951-F3C082670567}.Release|Any CPU.Build.0 = Release|Any CPU
		{0A25EDB8-0750-49CA-81FD-D3C1043047CE}.Debug|Any CPU.ActiveCfg = Debug|Any CPU
		{0A25EDB8-0750-49CA-81FD-D3C1043047CE}.Debug|Any CPU.Build.0 = Debug|Any CPU
		{0A25EDB8-0750-49CA-81FD-D3C1043047CE}.Release|Any CPU.ActiveCfg = Release|Any CPU
		{0A25EDB8-0750-49CA-81FD-D3C1043047CE}.Release|Any CPU.Build.0 = Release|Any CPU
		{358A8614-01A5-4E9E-8E49-BB2DA42ADFC7}.Debug|Any CPU.ActiveCfg = Debug|Any CPU
		{358A8614-01A5-4E9E-8E49-BB2DA42ADFC7}.Debug|Any CPU.Build.0 = Debug|Any CPU
		{358A8614-01A5-4E9E-8E49-BB2DA42ADFC7}.Release|Any CPU.ActiveCfg = Release|Any CPU
		{358A8614-01A5-4E9E-8E49-BB2DA42ADFC7}.Release|Any CPU.Build.0 = Release|Any CPU
		{8F1379B7-7E06-4A64-AF1F-3B874E0606E2}.Debug|Any CPU.ActiveCfg = Debug|Any CPU
		{8F1379B7-7E06-4A64-AF1F-3B874E0606E2}.Debug|Any CPU.Build.0 = Debug|Any CPU
		{8F1379B7-7E06-4A64-AF1F-3B874E0606E2}.Release|Any CPU.ActiveCfg = Release|Any CPU
		{8F1379B7-7E06-4A64-AF1F-3B874E0606E2}.Release|Any CPU.Build.0 = Release|Any CPU
		{B9A72C38-B8E9-4E06-B46F-E329784BF9FF}.Debug|Any CPU.ActiveCfg = Debug|Any CPU
		{B9A72C38-B8E9-4E06-B46F-E329784BF9FF}.Debug|Any CPU.Build.0 = Debug|Any CPU
		{B9A72C38-B8E9-4E06-B46F-E329784BF9FF}.Release|Any CPU.ActiveCfg = Release|Any CPU
		{B9A72C38-B8E9-4E06-B46F-E329784BF9FF}.Release|Any CPU.Build.0 = Release|Any CPU
	EndGlobalSection
	GlobalSection(SolutionProperties) = preSolution
		HideSolutionNode = FALSE
	EndGlobalSection
	GlobalSection(NestedProjects) = preSolution
		{EB64EBE5-0CBC-43E9-9EFF-E28B4634B80A} = {869F040D-D1DD-4028-94DA-19F3C2039B69}
		{869F040D-D1DD-4028-94DA-19F3C2039B69} = {2CC46D83-111C-48CE-BFA3-B7114DBDF56B}
		{27F477A0-267D-47EA-B3C8-B28B17B2CA20} = {2CC46D83-111C-48CE-BFA3-B7114DBDF56B}
		{23F05E81-645D-45F1-A951-F3C082670567} = {27F477A0-267D-47EA-B3C8-B28B17B2CA20}
		{740F4F95-73DC-49A5-83BE-7425AD7EDF52} = {2CC46D83-111C-48CE-BFA3-B7114DBDF56B}
		{0A25EDB8-0750-49CA-81FD-D3C1043047CE} = {740F4F95-73DC-49A5-83BE-7425AD7EDF52}
		{358A8614-01A5-4E9E-8E49-BB2DA42ADFC7} = {869F040D-D1DD-4028-94DA-19F3C2039B69}
		{8F1379B7-7E06-4A64-AF1F-3B874E0606E2} = {869F040D-D1DD-4028-94DA-19F3C2039B69}
		{B9A72C38-B8E9-4E06-B46F-E329784BF9FF} = {31334ED8-06C3-4366-9DCF-78BCED63E46F}
		{31334ED8-06C3-4366-9DCF-78BCED63E46F} = {2CC46D83-111C-48CE-BFA3-B7114DBDF56B}
	EndGlobalSection
	GlobalSection(ExtensibilityGlobals) = postSolution
		SolutionGuid = {D02BF026-8B65-49A2-87EE-30AD0180065F}
	EndGlobalSection
EndGlobal
